// !$*UTF8*$!
{
	archiveVersion = 1;
	classes = {
	};
	objectVersion = 48;
	objects = {

/* Begin PBXBuildFile section */
		409BAC261F71D0DA004C889D /* AppDelegate.swift in Sources */ = {isa = PBXBuildFile; fileRef = 409BAC251F71D0DA004C889D /* AppDelegate.swift */; };
		409BAC2B1F71D0DA004C889D /* Main.storyboard in Resources */ = {isa = PBXBuildFile; fileRef = 409BAC291F71D0DA004C889D /* Main.storyboard */; };
		409BAC2E1F71D0DA004C889D /* Notas_Diarias_Aula.xcdatamodeld in Sources */ = {isa = PBXBuildFile; fileRef = 409BAC2C1F71D0DA004C889D /* Notas_Diarias_Aula.xcdatamodeld */; };
		409BAC301F71D0DA004C889D /* Assets.xcassets in Resources */ = {isa = PBXBuildFile; fileRef = 409BAC2F1F71D0DA004C889D /* Assets.xcassets */; };
		409BAC331F71D0DA004C889D /* LaunchScreen.storyboard in Resources */ = {isa = PBXBuildFile; fileRef = 409BAC311F71D0DA004C889D /* LaunchScreen.storyboard */; };
		409BAC3B1F71E7C1004C889D /* ListarAnotacoesTableViewController.swift in Sources */ = {isa = PBXBuildFile; fileRef = 409BAC3A1F71E7C1004C889D /* ListarAnotacoesTableViewController.swift */; };
		409BAC3D1F71E813004C889D /* AnotacaoViewController.swift in Sources */ = {isa = PBXBuildFile; fileRef = 409BAC3C1F71E813004C889D /* AnotacaoViewController.swift */; };
/* End PBXBuildFile section */

/* Begin PBXFileReference section */
		409BAC221F71D0DA004C889D /* Notas Diarias Aula.app */ = {isa = PBXFileReference; explicitFileType = wrapper.application; includeInIndex = 0; path = "Notas Diarias Aula.app"; sourceTree = BUILT_PRODUCTS_DIR; };
		409BAC251F71D0DA004C889D /* AppDelegate.swift */ = {isa = PBXFileReference; lastKnownFileType = sourcecode.swift; path = AppDelegate.swift; sourceTree = "<group>"; };
		409BAC2A1F71D0DA004C889D /* Base */ = {isa = PBXFileReference; lastKnownFileType = file.storyboard; name = Base; path = Base.lproj/Main.storyboard; sourceTree = "<group>"; };
		409BAC2D1F71D0DA004C889D /* Notas_Diarias_Aula.xcdatamodel */ = {isa = PBXFileReference; lastKnownFileType = wrapper.xcdatamodel; path = Notas_Diarias_Aula.xcdatamodel; sourceTree = "<group>"; };
		409BAC2F1F71D0DA004C889D /* Assets.xcassets */ = {isa = PBXFileReference; lastKnownFileType = folder.assetcatalog; path = Assets.xcassets; sourceTree = "<group>"; };
		409BAC321F71D0DA004C889D /* Base */ = {isa = PBXFileReference; lastKnownFileType = file.storyboard; name = Base; path = Base.lproj/LaunchScreen.storyboard; sourceTree = "<group>"; };
		409BAC341F71D0DA004C889D /* Info.plist */ = {isa = PBXFileReference; lastKnownFileType = text.plist.xml; path = Info.plist; sourceTree = "<group>"; };
		409BAC3A1F71E7C1004C889D /* ListarAnotacoesTableViewController.swift */ = {isa = PBXFileReference; lastKnownFileType = sourcecode.swift; path = ListarAnotacoesTableViewController.swift; sourceTree = "<group>"; };
		409BAC3C1F71E813004C889D /* AnotacaoViewController.swift */ = {isa = PBXFileReference; lastKnownFileType = sourcecode.swift; path = AnotacaoViewController.swift; sourceTree = "<group>"; };
/* End PBXFileReference section */

/* Begin PBXFrameworksBuildPhase section */
		409BAC1F1F71D0DA004C889D /* Frameworks */ = {
			isa = PBXFrameworksBuildPhase;
			buildActionMask = 2147483647;
			files = (
			);
			runOnlyForDeploymentPostprocessing = 0;
		};
/* End PBXFrameworksBuildPhase section */

/* Begin PBXGroup section */
		409BAC191F71D0DA004C889D = {
			isa = PBXGroup;
			children = (
				409BAC241F71D0DA004C889D /* Notas Diarias Aula */,
				409BAC231F71D0DA004C889D /* Products */,
			);
			sourceTree = "<group>";
		};
		409BAC231F71D0DA004C889D /* Products */ = {
			isa = PBXGroup;
			children = (
				409BAC221F71D0DA004C889D /* Notas Diarias Aula.app */,
			);
			name = Products;
			sourceTree = "<group>";
		};
		409BAC241F71D0DA004C889D /* Notas Diarias Aula */ = {
			isa = PBXGroup;
			children = (
				409BAC251F71D0DA004C889D /* AppDelegate.swift */,
				409BAC3A1F71E7C1004C889D /* ListarAnotacoesTableViewController.swift */,
				409BAC3C1F71E813004C889D /* AnotacaoViewController.swift */,
				409BAC291F71D0DA004C889D /* Main.storyboard */,
				409BAC2F1F71D0DA004C889D /* Assets.xcassets */,
				409BAC311F71D0DA004C889D /* LaunchScreen.storyboard */,
				409BAC341F71D0DA004C889D /* Info.plist */,
				409BAC2C1F71D0DA004C889D /* Notas_Diarias_Aula.xcdatamodeld */,
			);
			path = "Notas Diarias Aula";
			sourceTree = "<group>";
		};
/* End PBXGroup section */

/* Begin PBXNativeTarget section */
		409BAC211F71D0DA004C889D /* Notas Diarias Aula */ = {
			isa = PBXNativeTarget;
			buildConfigurationList = 409BAC371F71D0DA004C889D /* Build configuration list for PBXNativeTarget "Notas Diarias Aula" */;
			buildPhases = (
				409BAC1E1F71D0DA004C889D /* Sources */,
				409BAC1F1F71D0DA004C889D /* Frameworks */,
				409BAC201F71D0DA004C889D /* Resources */,
			);
			buildRules = (
			);
			dependencies = (
			);
			name = "Notas Diarias Aula";
			productName = "Notas Diarias Aula";
			productReference = 409BAC221F71D0DA004C889D /* Notas Diarias Aula.app */;
			productType = "com.apple.product-type.application";
		};
/* End PBXNativeTarget section */

/* Begin PBXProject section */
		409BAC1A1F71D0DA004C889D /* Project object */ = {
			isa = PBXProject;
			attributes = {
				LastSwiftUpdateCheck = 0900;
				LastUpgradeCheck = 0900;
				ORGANIZATIONNAME = "Jamilton Damasceno";
				TargetAttributes = {
					409BAC211F71D0DA004C889D = {
						CreatedOnToolsVersion = 9.0;
					};
				};
			};
			buildConfigurationList = 409BAC1D1F71D0DA004C889D /* Build configuration list for PBXProject "Notas Diarias Aula" */;
			compatibilityVersion = "Xcode 8.0";
			developmentRegion = en;
			hasScannedForEncodings = 0;
			knownRegions = (
				en,
				Base,
			);
			mainGroup = 409BAC191F71D0DA004C889D;
			productRefGroup = 409BAC231F71D0DA004C889D /* Products */;
			projectDirPath = "";
			projectRoot = "";
			targets = (
				409BAC211F71D0DA004C889D /* Notas Diarias Aula */,
			);
		};
/* End PBXProject section */

/* Begin PBXResourcesBuildPhase section */
		409BAC201F71D0DA004C889D /* Resources */ = {
			isa = PBXResourcesBuildPhase;
			buildActionMask = 2147483647;
			files = (
				409BAC331F71D0DA004C889D /* LaunchScreen.storyboard in Resources */,
				409BAC301F71D0DA004C889D /* Assets.xcassets in Resources */,
				409BAC2B1F71D0DA004C889D /* Main.storyboard in Resources */,
			);
			runOnlyForDeploymentPostprocessing = 0;
		};
/* End PBXResourcesBuildPhase section */

/* Begin PBXSourcesBuildPhase section */
		409BAC1E1F71D0DA004C889D /* Sources */ = {
			isa = PBXSourcesBuildPhase;
			buildActionMask = 2147483647;
			files = (
				409BAC3D1F71E813004C889D /* AnotacaoViewController.swift in Sources */,
				409BAC2E1F71D0DA004C889D /* Notas_Diarias_Aula.xcdatamodeld in Sources */,
				409BAC261F71D0DA004C889D /* AppDelegate.swift in Sources */,
				409BAC3B1F71E7C1004C889D /* ListarAnotacoesTableViewController.swift in Sources */,
			);
			runOnlyForDeploymentPostprocessing = 0;
		};
/* End PBXSourcesBuildPhase section */

/* Begin PBXVariantGroup section */
		409BAC291F71D0DA004C889D /* Main.storyboard */ = {
			isa = PBXVariantGroup;
			children = (
				409BAC2A1F71D0DA004C889D /* Base */,
			);
			name = Main.storyboard;
			sourceTree = "<group>";
		};
		409BAC311F71D0DA004C889D /* LaunchScreen.storyboard */ = {
			isa = PBXVariantGroup;
			children = (
				409BAC321F71D0DA004C889D /* Base */,
			);
			name = LaunchScreen.storyboard;
			sourceTree = "<group>";
		};
/* End PBXVariantGroup section */

/* Begin XCBuildConfiguration section */
		409BAC351F71D0DA004C889D /* Debug */ = {
			isa = XCBuildConfiguration;
			buildSettings = {
				ALWAYS_SEARCH_USER_PATHS = NO;
				CLANG_ANALYZER_NONNULL = YES;
				CLANG_ANALYZER_NUMBER_OBJECT_CONVERSION = YES_AGGRESSIVE;
				CLANG_CXX_LANGUAGE_STANDARD = "gnu++14";
				CLANG_CXX_LIBRARY = "libc++";
				CLANG_ENABLE_MODULES = YES;
				CLANG_ENABLE_OBJC_ARC = YES;
				CLANG_WARN_BLOCK_CAPTURE_AUTORELEASING = YES;
				CLANG_WARN_BOOL_CONVERSION = YES;
				CLANG_WARN_COMMA = YES;
				CLANG_WARN_CONSTANT_CONVERSION = YES;
				CLANG_WARN_DIRECT_OBJC_ISA_USAGE = YES_ERROR;
				CLANG_WARN_DOCUMENTATION_COMMENTS = YES;
				CLANG_WARN_EMPTY_BODY = YES;
				CLANG_WARN_ENUM_CONVERSION = YES;
				CLANG_WARN_INFINITE_RECURSION = YES;
				CLANG_WARN_INT_CONVERSION = YES;
				CLANG_WARN_NON_LITERAL_NULL_CONVERSION = YES;
				CLANG_WARN_OBJC_LITERAL_CONVERSION = YES;
				CLANG_WARN_OBJC_ROOT_CLASS = YES_ERROR;
				CLANG_WARN_RANGE_LOOP_ANALYSIS = YES;
				CLANG_WARN_STRICT_PROTOTYPES = YES;
				CLANG_WARN_SUSPICIOUS_MOVE = YES;
				CLANG_WARN_UNGUARDED_AVAILABILITY = YES_AGGRESSIVE;
				CLANG_WARN_UNREACHABLE_CODE = YES;
				CLANG_WARN__DUPLICATE_METHOD_MATCH = YES;
				CODE_SIGN_IDENTITY = "iPhone Developer";
				COPY_PHASE_STRIP = NO;
				DEBUG_INFORMATION_FORMAT = dwarf;
				ENABLE_STRICT_OBJC_MSGSEND = YES;
				ENABLE_TESTABILITY = YES;
				GCC_C_LANGUAGE_STANDARD = gnu11;
				GCC_DYNAMIC_NO_PIC = NO;
				GCC_NO_COMMON_BLOCKS = YES;
				GCC_OPTIMIZATION_LEVEL = 0;
				GCC_PREPROCESSOR_DEFINITIONS = (
					"DEBUG=1",
					"$(inherited)",
				);
				GCC_WARN_64_TO_32_BIT_CONVERSION = YES;
				GCC_WARN_ABOUT_RETURN_TYPE = YES_ERROR;
				GCC_WARN_UNDECLARED_SELECTOR = YES;
				GCC_WARN_UNINITIALIZED_AUTOS = YES_AGGRESSIVE;
				GCC_WARN_UNUSED_FUNCTION = YES;
				GCC_WARN_UNUSED_VARIABLE = YES;
				IPHONEOS_DEPLOYMENT_TARGET = 11.0;
				MTL_ENABLE_DEBUG_INFO = YES;
				ONLY_ACTIVE_ARCH = YES;
				SDKROOT = iphoneos;
				SWIFT_ACTIVE_COMPILATION_CONDITIONS = DEBUG;
				SWIFT_OPTIMIZATION_LEVEL = "-Onone";
			};
			name = Debug;
		};
		409BAC361F71D0DA004C889D /* Release */ = {
			isa = XCBuildConfiguration;
			buildSettings = {
				ALWAYS_SEARCH_USER_PATHS = NO;
				CLANG_ANALYZER_NONNULL = YES;
				CLANG_ANALYZER_NUMBER_OBJECT_CONVERSION = YES_AGGRESSIVE;
				CLANG_CXX_LANGUAGE_STANDARD = "gnu++14";
				CLANG_CXX_LIBRARY = "libc++";
				CLANG_ENABLE_MODULES = YES;
				CLANG_ENABLE_OBJC_ARC = YES;
				CLANG_WARN_BLOCK_CAPTURE_AUTORELEASING = YES;
				CLANG_WARN_BOOL_CONVERSION = YES;
				CLANG_WARN_COMMA = YES;
				CLANG_WARN_CONSTANT_CONVERSION = YES;
				CLANG_WARN_DIRECT_OBJC_ISA_USAGE = YES_ERROR;
				CLANG_WARN_DOCUMENTATION_COMMENTS = YES;
				CLANG_WARN_EMPTY_BODY = YES;
				CLANG_WARN_ENUM_CONVERSION = YES;
				CLANG_WARN_INFINITE_RECURSION = YES;
				CLANG_WARN_INT_CONVERSION = YES;
				CLANG_WARN_NON_LITERAL_NULL_CONVERSION = YES;
				CLANG_WARN_OBJC_LITERAL_CONVERSION = YES;
				CLANG_WARN_OBJC_ROOT_CLASS = YES_ERROR;
				CLANG_WARN_RANGE_LOOP_ANALYSIS = YES;
				CLANG_WARN_STRICT_PROTOTYPES = YES;
				CLANG_WARN_SUSPICIOUS_MOVE = YES;
				CLANG_WARN_UNGUARDED_AVAILABILITY = YES_AGGRESSIVE;
				CLANG_WARN_UNREACHABLE_CODE = YES;
				CLANG_WARN__DUPLICATE_METHOD_MATCH = YES;
				CODE_SIGN_IDENTITY = "iPhone Developer";
				COPY_PHASE_STRIP = NO;
				DEBUG_INFORMATION_FORMAT = "dwarf-with-dsym";
				ENABLE_NS_ASSERTIONS = NO;
				ENABLE_STRICT_OBJC_MSGSEND = YES;
				GCC_C_LANGUAGE_STANDARD = gnu11;
				GCC_NO_COMMON_BLOCKS = YES;
				GCC_WARN_64_TO_32_BIT_CONVERSION = YES;
				GCC_WARN_ABOUT_RETURN_TYPE = YES_ERROR;
				GCC_WARN_UNDECLARED_SELECTOR = YES;
				GCC_WARN_UNINITIALIZED_AUTOS = YES_AGGRESSIVE;
				GCC_WARN_UNUSED_FUNCTION = YES;
				GCC_WARN_UNUSED_VARIABLE = YES;
				IPHONEOS_DEPLOYMENT_TARGET = 11.0;
				MTL_ENABLE_DEBUG_INFO = NO;
				SDKROOT = iphoneos;
				SWIFT_OPTIMIZATION_LEVEL = "-Owholemodule";
				VALIDATE_PRODUCT = YES;
			};
			name = Release;
		};
		409BAC381F71D0DA004C889D /* Debug */ = {
			isa = XCBuildConfiguration;
			buildSettings = {
				ASSETCATALOG_COMPILER_APPICON_NAME = AppIcon;
				INFOPLIST_FILE = "Notas Diarias Aula/Info.plist";
				LD_RUNPATH_SEARCH_PATHS = "$(inherited) @executable_path/Frameworks";
				PRODUCT_BUNDLE_IDENTIFIER = "br.com.faus.Notas-Diarias-Aula";
				PRODUCT_NAME = "$(TARGET_NAME)";
				SWIFT_VERSION = 4.0;
				TARGETED_DEVICE_FAMILY = "1,2";
			};
			name = Debug;
		};
		409BAC391F71D0DA004C889D /* Release */ = {
			isa = XCBuildConfiguration;
			buildSettings = {
				ASSETCATALOG_COMPILER_APPICON_NAME = AppIcon;
				INFOPLIST_FILE = "Notas Diarias Aula/Info.plist";
				LD_RUNPATH_SEARCH_PATHS = "$(inherited) @executable_path/Frameworks";
				PRODUCT_BUNDLE_IDENTIFIER = "br.com.faus.Notas-Diarias-Aula";
				PRODUCT_NAME = "$(TARGET_NAME)";
				SWIFT_VERSION = 4.0;
				TARGETED_DEVICE_FAMILY = "1,2";
			};
			name = Release;
		};
/* End XCBuildConfiguration section */

/* Begin XCConfigurationList section */
		409BAC1D1F71D0DA004C889D /* Build configuration list for PBXProject "Notas Diarias Aula" */ = {
			isa = XCConfigurationList;
			buildConfigurations = (
				409BAC351F71D0DA004C889D /* Debug */,
				409BAC361F71D0DA004C889D /* Release */,
			);
			defaultConfigurationIsVisible = 0;
			defaultConfigurationName = Release;
		};
		409BAC371F71D0DA004C889D /* Build configuration list for PBXNativeTarget "Notas Diarias Aula" */ = {
			isa = XCConfigurationList;
			buildConfigurations = (
				409BAC381F71D0DA004C889D /* Debug */,
				409BAC391F71D0DA004C889D /* Release */,
			);
			defaultConfigurationIsVisible = 0;
			defaultConfigurationName = Release;
		};
/* End XCConfigurationList section */

/* Begin XCVersionGroup section */
		409BAC2C1F71D0DA004C889D /* Notas_Diarias_Aula.xcdatamodeld */ = {
			isa = XCVersionGroup;
			children = (
				409BAC2D1F71D0DA004C889D /* Notas_Diarias_Aula.xcdatamodel */,
			);
			currentVersion = 409BAC2D1F71D0DA004C889D /* Notas_Diarias_Aula.xcdatamodel */;
			path = Notas_Diarias_Aula.xcdatamodeld;
			sourceTree = "<group>";
			versionGroupType = wrapper.xcdatamodel;
		};
/* End XCVersionGroup section */
	};
	rootObject = 409BAC1A1F71D0DA004C889D /* Project object */;
}
